
Microsoft Visual Studio Solution File, Format Version 12.00
# Visual Studio Version 16
VisualStudioVersion = 16.0.30002.166
MinimumVisualStudioVersion = 10.0.40219.1
Project("{FAE04EC0-301F-11D3-BF4B-00C04F79EFBC}") = "WordRemmeber", "WindowsFormsApp1\WordRemmeber.csproj", "{41CB4EFA-313C-4433-812A-26AAA5F69120}"
EndProject
Project("{FAE04EC0-301F-11D3-BF4B-00C04F79EFBC}") = "msvload", "msvload\msvload.csproj", "{EFBCA603-30A1-44C0-909B-069A137A0840}"
EndProject
Project("{54435603-DBB4-11D2-8724-00A0C9A8B90C}") = "LangFast Installer", "LangFast Installer\LangFast Installer.vdproj", "{4DC3F62E-52BE-426E-A091-2F8A99B2985B}"
EndProject
Global
	GlobalSection(SolutionConfigurationPlatforms) = preSolution
		Debug|Any CPU = Debug|Any CPU
		Release|Any CPU = Release|Any CPU
	EndGlobalSection
	GlobalSection(ProjectConfigurationPlatforms) = postSolution
		{41CB4EFA-313C-4433-812A-26AAA5F69120}.Debug|Any CPU.ActiveCfg = Debug|Any CPU
		{41CB4EFA-313C-4433-812A-26AAA5F69120}.Debug|Any CPU.Build.0 = Debug|Any CPU
		{41CB4EFA-313C-4433-812A-26AAA5F69120}.Release|Any CPU.ActiveCfg = Release|Any CPU
		{41CB4EFA-313C-4433-812A-26AAA5F69120}.Release|Any CPU.Build.0 = Release|Any CPU
		{EFBCA603-30A1-44C0-909B-069A137A0840}.Debug|Any CPU.ActiveCfg = Debug|Any CPU
		{EFBCA603-30A1-44C0-909B-069A137A0840}.Debug|Any CPU.Build.0 = Debug|Any CPU
		{EFBCA603-30A1-44C0-909B-069A137A0840}.Release|Any CPU.ActiveCfg = Release|Any CPU
		{EFBCA603-30A1-44C0-909B-069A137A0840}.Release|Any CPU.Build.0 = Release|Any CPU
		{4DC3F62E-52BE-426E-A091-2F8A99B2985B}.Debug|Any CPU.ActiveCfg = Debug
		{4DC3F62E-52BE-426E-A091-2F8A99B2985B}.Release|Any CPU.ActiveCfg = Release
	EndGlobalSection
	GlobalSection(SolutionProperties) = preSolution
		HideSolutionNode = FALSE
	EndGlobalSection
	GlobalSection(ExtensibilityGlobals) = postSolution
		SolutionGuid = {C5A36D30-0455-4A5F-B064-73AAA870D7FA}
	EndGlobalSection
EndGlobal
